{
  "requires": true,
  "lockfileVersion": 1,
  "dependencies": {
    "@types/node": {
      "version": "14.0.12",
      "resolved": "https://registry.npmjs.org/@types/node/-/node-14.0.12.tgz",
      "integrity": "sha512-/sjzehvjkkpvLpYtN6/2dv5kg41otMGuHQUt9T2aiAuIfleCQRQHXXzF1eAw/qkZTj5Kcf4JSTf7EIizHocy6Q=="
    }
  }
}
