{
  "requires": true,
  "lockfileVersion": 1,
  "dependencies": {
    "@types/node": {
      "version": "14.17.12",
      "resolved": "https://registry.npmjs.org/@types/node/-/node-14.17.12.tgz",
      "integrity": "sha512-vhUqgjJR1qxwTWV5Ps5txuy2XMdf7Fw+OrdChRboy8BmWUPkckOhphaohzFG6b8DW7CrxaBMdrdJ47SYFq1okw=="
    }
  }
}
